// !$*UTF8*$!
{
	archiveVersion = 1;
	classes = {
	};
	objectVersion = 46;
	objects = {

/* Begin PBXBuildFile section */
		A73A8E551BCEB8010036F06B /* View.xib in Resources */ = {isa = PBXBuildFile; fileRef = A73A8E541BCEB8010036F06B /* View.xib */; };
		FEB3728B1BCD34150003969B /* main.m in Sources */ = {isa = PBXBuildFile; fileRef = FEB3728A1BCD34150003969B /* main.m */; };
		FEB3728E1BCD34150003969B /* AppDelegate.m in Sources */ = {isa = PBXBuildFile; fileRef = FEB3728D1BCD34150003969B /* AppDelegate.m */; };
		FEB372911BCD34150003969B /* ViewController.m in Sources */ = {isa = PBXBuildFile; fileRef = FEB372901BCD34150003969B /* ViewController.m */; };
		FEB372961BCD34150003969B /* Assets.xcassets in Resources */ = {isa = PBXBuildFile; fileRef = FEB372951BCD34150003969B /* Assets.xcassets */; };
		FF31DF37158A6BA9BF88FBB7 /* libPods-stomt-ios-sdk-sample.a in Frameworks */ = {isa = PBXBuildFile; fileRef = F26215EB5B691762AD353D1A /* libPods-stomt-ios-sdk-sample.a */; };
/* End PBXBuildFile section */

/* Begin PBXFileReference section */
		8B31101AF0561F3739F0C6E6 /* Pods-stomt-ios-sdk-sample.release.xcconfig */ = {isa = PBXFileReference; includeInIndex = 1; lastKnownFileType = text.xcconfig; name = "Pods-stomt-ios-sdk-sample.release.xcconfig"; path = "Pods/Target Support Files/Pods-stomt-ios-sdk-sample/Pods-stomt-ios-sdk-sample.release.xcconfig"; sourceTree = "<group>"; };
		A73A8E541BCEB8010036F06B /* View.xib */ = {isa = PBXFileReference; fileEncoding = 4; lastKnownFileType = file.xib; path = View.xib; sourceTree = "<group>"; };
		B2FAA6D2D798FAB1F1809EDD /* Pods-stomt-ios-sdk-sample.debug.xcconfig */ = {isa = PBXFileReference; includeInIndex = 1; lastKnownFileType = text.xcconfig; name = "Pods-stomt-ios-sdk-sample.debug.xcconfig"; path = "Pods/Target Support Files/Pods-stomt-ios-sdk-sample/Pods-stomt-ios-sdk-sample.debug.xcconfig"; sourceTree = "<group>"; };
		F26215EB5B691762AD353D1A /* libPods-stomt-ios-sdk-sample.a */ = {isa = PBXFileReference; explicitFileType = archive.ar; includeInIndex = 0; path = "libPods-stomt-ios-sdk-sample.a"; sourceTree = BUILT_PRODUCTS_DIR; };
		FEB372861BCD34150003969B /* stomt-ios-sdk-sample.app */ = {isa = PBXFileReference; explicitFileType = wrapper.application; includeInIndex = 0; path = "stomt-ios-sdk-sample.app"; sourceTree = BUILT_PRODUCTS_DIR; };
		FEB3728A1BCD34150003969B /* main.m */ = {isa = PBXFileReference; lastKnownFileType = sourcecode.c.objc; path = main.m; sourceTree = "<group>"; };
		FEB3728C1BCD34150003969B /* AppDelegate.h */ = {isa = PBXFileReference; lastKnownFileType = sourcecode.c.h; path = AppDelegate.h; sourceTree = "<group>"; };
		FEB3728D1BCD34150003969B /* AppDelegate.m */ = {isa = PBXFileReference; lastKnownFileType = sourcecode.c.objc; path = AppDelegate.m; sourceTree = "<group>"; };
		FEB3728F1BCD34150003969B /* ViewController.h */ = {isa = PBXFileReference; lastKnownFileType = sourcecode.c.h; path = ViewController.h; sourceTree = "<group>"; };
		FEB372901BCD34150003969B /* ViewController.m */ = {isa = PBXFileReference; lastKnownFileType = sourcecode.c.objc; path = ViewController.m; sourceTree = "<group>"; };
		FEB372951BCD34150003969B /* Assets.xcassets */ = {isa = PBXFileReference; lastKnownFileType = folder.assetcatalog; path = Assets.xcassets; sourceTree = "<group>"; };
		FEB3729A1BCD34150003969B /* Info.plist */ = {isa = PBXFileReference; lastKnownFileType = text.plist.xml; path = Info.plist; sourceTree = "<group>"; };
/* End PBXFileReference section */

/* Begin PBXFrameworksBuildPhase section */
		FEB372831BCD34150003969B /* Frameworks */ = {
			isa = PBXFrameworksBuildPhase;
			buildActionMask = 2147483647;
			files = (
				FF31DF37158A6BA9BF88FBB7 /* libPods-stomt-ios-sdk-sample.a in Frameworks */,
			);
			runOnlyForDeploymentPostprocessing = 0;
		};
/* End PBXFrameworksBuildPhase section */

/* Begin PBXGroup section */
		53D27C2052D84A8EE4A1A83E /* Frameworks */ = {
			isa = PBXGroup;
			children = (
				F26215EB5B691762AD353D1A /* libPods-stomt-ios-sdk-sample.a */,
			);
			name = Frameworks;
			sourceTree = "<group>";
		};
		8936DC28655DB2499B67B807 /* Pods */ = {
			isa = PBXGroup;
			children = (
				B2FAA6D2D798FAB1F1809EDD /* Pods-stomt-ios-sdk-sample.debug.xcconfig */,
				8B31101AF0561F3739F0C6E6 /* Pods-stomt-ios-sdk-sample.release.xcconfig */,
			);
			name = Pods;
			sourceTree = "<group>";
		};
		FEB3727D1BCD34150003969B = {
			isa = PBXGroup;
			children = (
				FEB372881BCD34150003969B /* stomt-ios-sdk-sample */,
				FEB372871BCD34150003969B /* Products */,
				8936DC28655DB2499B67B807 /* Pods */,
				53D27C2052D84A8EE4A1A83E /* Frameworks */,
			);
			sourceTree = "<group>";
		};
		FEB372871BCD34150003969B /* Products */ = {
			isa = PBXGroup;
			children = (
				FEB372861BCD34150003969B /* stomt-ios-sdk-sample.app */,
			);
			name = Products;
			sourceTree = "<group>";
		};
		FEB372881BCD34150003969B /* stomt-ios-sdk-sample */ = {
			isa = PBXGroup;
			children = (
				FEB3728C1BCD34150003969B /* AppDelegate.h */,
				FEB3728D1BCD34150003969B /* AppDelegate.m */,
				FEB3728F1BCD34150003969B /* ViewController.h */,
				FEB372901BCD34150003969B /* ViewController.m */,
				A73A8E541BCEB8010036F06B /* View.xib */,
				FEB372951BCD34150003969B /* Assets.xcassets */,
				FEB3729A1BCD34150003969B /* Info.plist */,
				FEB372891BCD34150003969B /* Supporting Files */,
			);
			path = "stomt-ios-sdk-sample";
			sourceTree = "<group>";
		};
		FEB372891BCD34150003969B /* Supporting Files */ = {
			isa = PBXGroup;
			children = (
				FEB3728A1BCD34150003969B /* main.m */,
			);
			name = "Supporting Files";
			sourceTree = "<group>";
		};
/* End PBXGroup section */

/* Begin PBXNativeTarget section */
		FEB372851BCD34150003969B /* stomt-ios-sdk-sample */ = {
			isa = PBXNativeTarget;
			buildConfigurationList = FEB3729D1BCD34150003969B /* Build configuration list for PBXNativeTarget "stomt-ios-sdk-sample" */;
			buildPhases = (
				6D29A17ADAB428933E3D4316 /* Check Pods Manifest.lock */,
				FEB372821BCD34150003969B /* Sources */,
				FEB372831BCD34150003969B /* Frameworks */,
				FEB372841BCD34150003969B /* Resources */,
				961E6642223E312B6C1D2F99 /* Embed Pods Frameworks */,
				9F05E30EA733165D4D138958 /* Copy Pods Resources */,
			);
			buildRules = (
			);
			dependencies = (
			);
			name = "stomt-ios-sdk-sample";
			productName = "stomt-ios-sdk-sample";
			productReference = FEB372861BCD34150003969B /* stomt-ios-sdk-sample.app */;
			productType = "com.apple.product-type.application";
		};
/* End PBXNativeTarget section */

/* Begin PBXProject section */
		FEB3727E1BCD34150003969B /* Project object */ = {
			isa = PBXProject;
			attributes = {
				LastUpgradeCheck = 0700;
				ORGANIZATIONNAME = Stomt;
				TargetAttributes = {
					FEB372851BCD34150003969B = {
						CreatedOnToolsVersion = 7.0.1;
					};
				};
			};
			buildConfigurationList = FEB372811BCD34150003969B /* Build configuration list for PBXProject "stomt-ios-sdk-sample" */;
			compatibilityVersion = "Xcode 3.2";
			developmentRegion = English;
			hasScannedForEncodings = 0;
			knownRegions = (
				en,
				Base,
			);
			mainGroup = FEB3727D1BCD34150003969B;
			productRefGroup = FEB372871BCD34150003969B /* Products */;
			projectDirPath = "";
			projectRoot = "";
			targets = (
				FEB372851BCD34150003969B /* stomt-ios-sdk-sample */,
			);
		};
/* End PBXProject section */

/* Begin PBXResourcesBuildPhase section */
		FEB372841BCD34150003969B /* Resources */ = {
			isa = PBXResourcesBuildPhase;
			buildActionMask = 2147483647;
			files = (
				A73A8E551BCEB8010036F06B /* View.xib in Resources */,
				FEB372961BCD34150003969B /* Assets.xcassets in Resources */,
			);
			runOnlyForDeploymentPostprocessing = 0;
		};
/* End PBXResourcesBuildPhase section */

/* Begin PBXShellScriptBuildPhase section */
		6D29A17ADAB428933E3D4316 /* Check Pods Manifest.lock */ = {
			isa = PBXShellScriptBuildPhase;
			buildActionMask = 2147483647;
			files = (
			);
			inputPaths = (
			);
			name = "Check Pods Manifest.lock";
			outputPaths = (
			);
			runOnlyForDeploymentPostprocessing = 0;
			shellPath = /bin/sh;
			shellScript = "diff \"${PODS_ROOT}/../Podfile.lock\" \"${PODS_ROOT}/Manifest.lock\" > /dev/null\nif [[ $? != 0 ]] ; then\n    cat << EOM\nerror: The sandbox is not in sync with the Podfile.lock. Run 'pod install' or update your CocoaPods installation.\nEOM\n    exit 1\nfi\n";
			showEnvVarsInLog = 0;
		};
		961E6642223E312B6C1D2F99 /* Embed Pods Frameworks */ = {
			isa = PBXShellScriptBuildPhase;
			buildActionMask = 2147483647;
			files = (
			);
			inputPaths = (
			);
			name = "Embed Pods Frameworks";
			outputPaths = (
			);
			runOnlyForDeploymentPostprocessing = 0;
			shellPath = /bin/sh;
			shellScript = "\"${SRCROOT}/Pods/Target Support Files/Pods-stomt-ios-sdk-sample/Pods-stomt-ios-sdk-sample-frameworks.sh\"\n";
			showEnvVarsInLog = 0;
		};
		9F05E30EA733165D4D138958 /* Copy Pods Resources */ = {
			isa = PBXShellScriptBuildPhase;
			buildActionMask = 2147483647;
			files = (
			);
			inputPaths = (
			);
			name = "Copy Pods Resources";
			outputPaths = (
			);
			runOnlyForDeploymentPostprocessing = 0;
			shellPath = /bin/sh;
			shellScript = "\"${SRCROOT}/Pods/Target Support Files/Pods-stomt-ios-sdk-sample/Pods-stomt-ios-sdk-sample-resources.sh\"\n";
			showEnvVarsInLog = 0;
		};
/* End PBXShellScriptBuildPhase section */

/* Begin PBXSourcesBuildPhase section */
		FEB372821BCD34150003969B /* Sources */ = {
			isa = PBXSourcesBuildPhase;
			buildActionMask = 2147483647;
			files = (
				FEB372911BCD34150003969B /* ViewController.m in Sources */,
				FEB3728E1BCD34150003969B /* AppDelegate.m in Sources */,
				FEB3728B1BCD34150003969B /* main.m in Sources */,
			);
			runOnlyForDeploymentPostprocessing = 0;
		};
/* End PBXSourcesBuildPhase section */

/* Begin XCBuildConfiguration section */
		FEB3729B1BCD34150003969B /* Debug */ = {
			isa = XCBuildConfiguration;
			buildSettings = {
				ALWAYS_SEARCH_USER_PATHS = NO;
				CLANG_CXX_LANGUAGE_STANDARD = "gnu++0x";
				CLANG_CXX_LIBRARY = "libc++";
				CLANG_ENABLE_MODULES = YES;
				CLANG_ENABLE_OBJC_ARC = YES;
				CLANG_WARN_BOOL_CONVERSION = YES;
				CLANG_WARN_CONSTANT_CONVERSION = YES;
				CLANG_WARN_DIRECT_OBJC_ISA_USAGE = YES_ERROR;
				CLANG_WARN_EMPTY_BODY = YES;
				CLANG_WARN_ENUM_CONVERSION = YES;
				CLANG_WARN_INT_CONVERSION = YES;
				CLANG_WARN_OBJC_ROOT_CLASS = YES_ERROR;
				CLANG_WARN_UNREACHABLE_CODE = YES;
				CLANG_WARN__DUPLICATE_METHOD_MATCH = YES;
				"CODE_SIGN_IDENTITY[sdk=iphoneos*]" = "iPhone Developer";
				COPY_PHASE_STRIP = NO;
				DEBUG_INFORMATION_FORMAT = dwarf;
				ENABLE_STRICT_OBJC_MSGSEND = YES;
				ENABLE_TESTABILITY = YES;
				GCC_C_LANGUAGE_STANDARD = gnu99;
				GCC_DYNAMIC_NO_PIC = NO;
				GCC_NO_COMMON_BLOCKS = YES;
				GCC_OPTIMIZATION_LEVEL = 0;
				GCC_PREPROCESSOR_DEFINITIONS = (
					"DEBUG=1",
					"$(inherited)",
				);
				GCC_WARN_64_TO_32_BIT_CONVERSION = YES;
				GCC_WARN_ABOUT_RETURN_TYPE = YES_ERROR;
				GCC_WARN_UNDECLARED_SELECTOR = YES;
				GCC_WARN_UNINITIALIZED_AUTOS = YES_AGGRESSIVE;
				GCC_WARN_UNUSED_FUNCTION = YES;
				GCC_WARN_UNUSED_VARIABLE = YES;
				IPHONEOS_DEPLOYMENT_TARGET = 9.0;
				MTL_ENABLE_DEBUG_INFO = YES;
				ONLY_ACTIVE_ARCH = YES;
				SDKROOT = iphoneos;
				TARGETED_DEVICE_FAMILY = "1,2";
			};
			name = Debug;
		};
		FEB3729C1BCD34150003969B /* Release */ = {
			isa = XCBuildConfiguration;
			buildSettings = {
				ALWAYS_SEARCH_USER_PATHS = NO;
				CLANG_CXX_LANGUAGE_STANDARD = "gnu++0x";
				CLANG_CXX_LIBRARY = "libc++";
				CLANG_ENABLE_MODULES = YES;
				CLANG_ENABLE_OBJC_ARC = YES;
				CLANG_WARN_BOOL_CONVERSION = YES;
				CLANG_WARN_CONSTANT_CONVERSION = YES;
				CLANG_WARN_DIRECT_OBJC_ISA_USAGE = YES_ERROR;
				CLANG_WARN_EMPTY_BODY = YES;
				CLANG_WARN_ENUM_CONVERSION = YES;
				CLANG_WARN_INT_CONVERSION = YES;
				CLANG_WARN_OBJC_ROOT_CLASS = YES_ERROR;
				CLANG_WARN_UNREACHABLE_CODE = YES;
				CLANG_WARN__DUPLICATE_METHOD_MATCH = YES;
				"CODE_SIGN_IDENTITY[sdk=iphoneos*]" = "iPhone Developer";
				COPY_PHASE_STRIP = NO;
				DEBUG_INFORMATION_FORMAT = "dwarf-with-dsym";
				ENABLE_NS_ASSERTIONS = NO;
				ENABLE_STRICT_OBJC_MSGSEND = YES;
				GCC_C_LANGUAGE_STANDARD = gnu99;
				GCC_NO_COMMON_BLOCKS = YES;
				GCC_WARN_64_TO_32_BIT_CONVERSION = YES;
				GCC_WARN_ABOUT_RETURN_TYPE = YES_ERROR;
				GCC_WARN_UNDECLARED_SELECTOR = YES;
				GCC_WARN_UNINITIALIZED_AUTOS = YES_AGGRESSIVE;
				GCC_WARN_UNUSED_FUNCTION = YES;
				GCC_WARN_UNUSED_VARIABLE = YES;
				IPHONEOS_DEPLOYMENT_TARGET = 9.0;
				MTL_ENABLE_DEBUG_INFO = NO;
				SDKROOT = iphoneos;
				TARGETED_DEVICE_FAMILY = "1,2";
				VALIDATE_PRODUCT = YES;
			};
			name = Release;
		};
		FEB3729E1BCD34150003969B /* Debug */ = {
			isa = XCBuildConfiguration;
			baseConfigurationReference = B2FAA6D2D798FAB1F1809EDD /* Pods-stomt-ios-sdk-sample.debug.xcconfig */;
			buildSettings = {
				ASSETCATALOG_COMPILER_APPICON_NAME = AppIcon;
				INFOPLIST_FILE = "stomt-ios-sdk-sample/Info.plist";
				IPHONEOS_DEPLOYMENT_TARGET = 8.1;
				LD_RUNPATH_SEARCH_PATHS = "$(inherited) @executable_path/Frameworks";
				PRODUCT_BUNDLE_IDENTIFIER = "com.stomt.stomt-ios-sdk-sample";
				PRODUCT_NAME = "$(TARGET_NAME)";
			};
			name = Debug;
		};
		FEB3729F1BCD34150003969B /* Release */ = {
			isa = XCBuildConfiguration;
			baseConfigurationReference = 8B31101AF0561F3739F0C6E6 /* Pods-stomt-ios-sdk-sample.release.xcconfig */;
			buildSettings = {
				ASSETCATALOG_COMPILER_APPICON_NAME = AppIcon;
				INFOPLIST_FILE = "stomt-ios-sdk-sample/Info.plist";
				IPHONEOS_DEPLOYMENT_TARGET = 8.1;
				LD_RUNPATH_SEARCH_PATHS = "$(inherited) @executable_path/Frameworks";
				PRODUCT_BUNDLE_IDENTIFIER = "com.stomt.stomt-ios-sdk-sample";
				PRODUCT_NAME = "$(TARGET_NAME)";
			};
			name = Release;
		};
/* End XCBuildConfiguration section */

/* Begin XCConfigurationList section */
		FEB372811BCD34150003969B /* Build configuration list for PBXProject "stomt-ios-sdk-sample" */ = {
			isa = XCConfigurationList;
			buildConfigurations = (
				FEB3729B1BCD34150003969B /* Debug */,
				FEB3729C1BCD34150003969B /* Release */,
			);
			defaultConfigurationIsVisible = 0;
			defaultConfigurationName = Release;
		};
		FEB3729D1BCD34150003969B /* Build configuration list for PBXNativeTarget "stomt-ios-sdk-sample" */ = {
			isa = XCConfigurationList;
			buildConfigurations = (
				FEB3729E1BCD34150003969B /* Debug */,
				FEB3729F1BCD34150003969B /* Release */,
			);
			defaultConfigurationIsVisible = 0;
			defaultConfigurationName = Release;
		};
/* End XCConfigurationList section */
	};
	rootObject = FEB3727E1BCD34150003969B /* Project object */;
}
